// !$*UTF8*$!
{
	archiveVersion = 1;
	classes = {
	};
	objectVersion = 46;
	objects = {

/* Begin PBXBuildFile section */
		00EFD90953A85803FC4E596E /* Pods_carneAcme.framework in Frameworks */ = {isa = PBXBuildFile; fileRef = A4F6A938DC56F6654E67D3B7 /* Pods_carneAcme.framework */; };
		C4B33A951E09A1D600798397 /* MeatMarker.swift in Sources */ = {isa = PBXBuildFile; fileRef = C4B33A941E09A1D600798397 /* MeatMarker.swift */; };
		C4B33A971E09A62500798397 /* GooglePlace.swift in Sources */ = {isa = PBXBuildFile; fileRef = C4B33A961E09A62500798397 /* GooglePlace.swift */; };
		C4B33A991E09A64500798397 /* GoogleDataProvider.swift in Sources */ = {isa = PBXBuildFile; fileRef = C4B33A981E09A64500798397 /* GoogleDataProvider.swift */; };
		C4D24AD21E0170650037ECEB /* AppDelegate.swift in Sources */ = {isa = PBXBuildFile; fileRef = C4D24AD11E0170650037ECEB /* AppDelegate.swift */; };
		C4D24AD71E0170650037ECEB /* Main.storyboard in Resources */ = {isa = PBXBuildFile; fileRef = C4D24AD51E0170650037ECEB /* Main.storyboard */; };
		C4D24AD91E0170650037ECEB /* Assets.xcassets in Resources */ = {isa = PBXBuildFile; fileRef = C4D24AD81E0170650037ECEB /* Assets.xcassets */; };
		C4D24ADC1E0170650037ECEB /* LaunchScreen.storyboard in Resources */ = {isa = PBXBuildFile; fileRef = C4D24ADA1E0170650037ECEB /* LaunchScreen.storyboard */; };
		C4D24AE71E0170650037ECEB /* carneAcmeTests.swift in Sources */ = {isa = PBXBuildFile; fileRef = C4D24AE61E0170650037ECEB /* carneAcmeTests.swift */; };
		C4D24AF21E0170650037ECEB /* carneAcmeUITests.swift in Sources */ = {isa = PBXBuildFile; fileRef = C4D24AF11E0170650037ECEB /* carneAcmeUITests.swift */; };
		C4D24B001E01724B0037ECEB /* PresentationViewController.swift in Sources */ = {isa = PBXBuildFile; fileRef = C4D24AFF1E01724B0037ECEB /* PresentationViewController.swift */; };
		C4D24B021E0172690037ECEB /* ShopsViewController.swift in Sources */ = {isa = PBXBuildFile; fileRef = C4D24B011E0172690037ECEB /* ShopsViewController.swift */; };
		C4D24B041E01727F0037ECEB /* TweetsViewController.swift in Sources */ = {isa = PBXBuildFile; fileRef = C4D24B031E01727F0037ECEB /* TweetsViewController.swift */; };
/* End PBXBuildFile section */

/* Begin PBXContainerItemProxy section */
		C4D24AE31E0170650037ECEB /* PBXContainerItemProxy */ = {
			isa = PBXContainerItemProxy;
			containerPortal = C4D24AC61E0170650037ECEB /* Project object */;
			proxyType = 1;
			remoteGlobalIDString = C4D24ACD1E0170650037ECEB;
			remoteInfo = carneAcme;
		};
		C4D24AEE1E0170650037ECEB /* PBXContainerItemProxy */ = {
			isa = PBXContainerItemProxy;
			containerPortal = C4D24AC61E0170650037ECEB /* Project object */;
			proxyType = 1;
			remoteGlobalIDString = C4D24ACD1E0170650037ECEB;
			remoteInfo = carneAcme;
		};
/* End PBXContainerItemProxy section */

/* Begin PBXFileReference section */
		395B8D3AFB6A6C96AA75CF18 /* Pods-carneAcme.debug.xcconfig */ = {isa = PBXFileReference; includeInIndex = 1; lastKnownFileType = text.xcconfig; name = "Pods-carneAcme.debug.xcconfig"; path = "Pods/Target Support Files/Pods-carneAcme/Pods-carneAcme.debug.xcconfig"; sourceTree = "<group>"; };
		7A895D1D5BB4E9FF40C92F92 /* Pods-carneAcme.release.xcconfig */ = {isa = PBXFileReference; includeInIndex = 1; lastKnownFileType = text.xcconfig; name = "Pods-carneAcme.release.xcconfig"; path = "Pods/Target Support Files/Pods-carneAcme/Pods-carneAcme.release.xcconfig"; sourceTree = "<group>"; };
		A4F6A938DC56F6654E67D3B7 /* Pods_carneAcme.framework */ = {isa = PBXFileReference; explicitFileType = wrapper.framework; includeInIndex = 0; path = Pods_carneAcme.framework; sourceTree = BUILT_PRODUCTS_DIR; };
		C4B33A941E09A1D600798397 /* MeatMarker.swift */ = {isa = PBXFileReference; fileEncoding = 4; lastKnownFileType = sourcecode.swift; path = MeatMarker.swift; sourceTree = "<group>"; };
		C4B33A961E09A62500798397 /* GooglePlace.swift */ = {isa = PBXFileReference; fileEncoding = 4; lastKnownFileType = sourcecode.swift; path = GooglePlace.swift; sourceTree = "<group>"; };
		C4B33A981E09A64500798397 /* GoogleDataProvider.swift */ = {isa = PBXFileReference; fileEncoding = 4; lastKnownFileType = sourcecode.swift; path = GoogleDataProvider.swift; sourceTree = "<group>"; };
		C4D24ACE1E0170650037ECEB /* carneAcme.app */ = {isa = PBXFileReference; explicitFileType = wrapper.application; includeInIndex = 0; path = carneAcme.app; sourceTree = BUILT_PRODUCTS_DIR; };
		C4D24AD11E0170650037ECEB /* AppDelegate.swift */ = {isa = PBXFileReference; lastKnownFileType = sourcecode.swift; path = AppDelegate.swift; sourceTree = "<group>"; };
		C4D24AD61E0170650037ECEB /* Base */ = {isa = PBXFileReference; lastKnownFileType = file.storyboard; name = Base; path = Base.lproj/Main.storyboard; sourceTree = "<group>"; };
		C4D24AD81E0170650037ECEB /* Assets.xcassets */ = {isa = PBXFileReference; lastKnownFileType = folder.assetcatalog; path = Assets.xcassets; sourceTree = "<group>"; };
		C4D24ADB1E0170650037ECEB /* Base */ = {isa = PBXFileReference; lastKnownFileType = file.storyboard; name = Base; path = Base.lproj/LaunchScreen.storyboard; sourceTree = "<group>"; };
		C4D24ADD1E0170650037ECEB /* Info.plist */ = {isa = PBXFileReference; lastKnownFileType = text.plist.xml; path = Info.plist; sourceTree = "<group>"; };
		C4D24AE21E0170650037ECEB /* carneAcmeTests.xctest */ = {isa = PBXFileReference; explicitFileType = wrapper.cfbundle; includeInIndex = 0; path = carneAcmeTests.xctest; sourceTree = BUILT_PRODUCTS_DIR; };
		C4D24AE61E0170650037ECEB /* carneAcmeTests.swift */ = {isa = PBXFileReference; lastKnownFileType = sourcecode.swift; path = carneAcmeTests.swift; sourceTree = "<group>"; };
		C4D24AE81E0170650037ECEB /* Info.plist */ = {isa = PBXFileReference; lastKnownFileType = text.plist.xml; path = Info.plist; sourceTree = "<group>"; };
		C4D24AED1E0170650037ECEB /* carneAcmeUITests.xctest */ = {isa = PBXFileReference; explicitFileType = wrapper.cfbundle; includeInIndex = 0; path = carneAcmeUITests.xctest; sourceTree = BUILT_PRODUCTS_DIR; };
		C4D24AF11E0170650037ECEB /* carneAcmeUITests.swift */ = {isa = PBXFileReference; lastKnownFileType = sourcecode.swift; path = carneAcmeUITests.swift; sourceTree = "<group>"; };
		C4D24AF31E0170650037ECEB /* Info.plist */ = {isa = PBXFileReference; lastKnownFileType = text.plist.xml; path = Info.plist; sourceTree = "<group>"; };
		C4D24AFF1E01724B0037ECEB /* PresentationViewController.swift */ = {isa = PBXFileReference; fileEncoding = 4; lastKnownFileType = sourcecode.swift; path = PresentationViewController.swift; sourceTree = "<group>"; };
		C4D24B011E0172690037ECEB /* ShopsViewController.swift */ = {isa = PBXFileReference; fileEncoding = 4; lastKnownFileType = sourcecode.swift; path = ShopsViewController.swift; sourceTree = "<group>"; };
		C4D24B031E01727F0037ECEB /* TweetsViewController.swift */ = {isa = PBXFileReference; fileEncoding = 4; lastKnownFileType = sourcecode.swift; path = TweetsViewController.swift; sourceTree = "<group>"; };
/* End PBXFileReference section */

/* Begin PBXFrameworksBuildPhase section */
		C4D24ACB1E0170650037ECEB /* Frameworks */ = {
			isa = PBXFrameworksBuildPhase;
			buildActionMask = 2147483647;
			files = (
				00EFD90953A85803FC4E596E /* Pods_carneAcme.framework in Frameworks */,
			);
			runOnlyForDeploymentPostprocessing = 0;
		};
		C4D24ADF1E0170650037ECEB /* Frameworks */ = {
			isa = PBXFrameworksBuildPhase;
			buildActionMask = 2147483647;
			files = (
			);
			runOnlyForDeploymentPostprocessing = 0;
		};
		C4D24AEA1E0170650037ECEB /* Frameworks */ = {
			isa = PBXFrameworksBuildPhase;
			buildActionMask = 2147483647;
			files = (
			);
			runOnlyForDeploymentPostprocessing = 0;
		};
/* End PBXFrameworksBuildPhase section */

/* Begin PBXGroup section */
		3C4F5ABAB96EA4880F965580 /* Frameworks */ = {
			isa = PBXGroup;
			children = (
				A4F6A938DC56F6654E67D3B7 /* Pods_carneAcme.framework */,
			);
			name = Frameworks;
			sourceTree = "<group>";
		};
		C4B33A9A1E09A65900798397 /* Model */ = {
			isa = PBXGroup;
			children = (
				C4B33A981E09A64500798397 /* GoogleDataProvider.swift */,
				C4B33A961E09A62500798397 /* GooglePlace.swift */,
				C4B33A941E09A1D600798397 /* MeatMarker.swift */,
			);
			name = Model;
			sourceTree = "<group>";
		};
		C4D24AC51E0170650037ECEB = {
			isa = PBXGroup;
			children = (
				C4D24AD01E0170650037ECEB /* carneAcme */,
				C4D24AE51E0170650037ECEB /* carneAcmeTests */,
				C4D24AF01E0170650037ECEB /* carneAcmeUITests */,
				C4D24ACF1E0170650037ECEB /* Products */,
				CA707A045428ED1AB3D009DB /* Pods */,
				3C4F5ABAB96EA4880F965580 /* Frameworks */,
			);
			sourceTree = "<group>";
		};
		C4D24ACF1E0170650037ECEB /* Products */ = {
			isa = PBXGroup;
			children = (
				C4D24ACE1E0170650037ECEB /* carneAcme.app */,
				C4D24AE21E0170650037ECEB /* carneAcmeTests.xctest */,
				C4D24AED1E0170650037ECEB /* carneAcmeUITests.xctest */,
			);
			name = Products;
			sourceTree = "<group>";
		};
		C4D24AD01E0170650037ECEB /* carneAcme */ = {
			isa = PBXGroup;
			children = (
				C4B33A9A1E09A65900798397 /* Model */,
				C4D24B051E0172930037ECEB /* Controllers */,
				C4D24AD11E0170650037ECEB /* AppDelegate.swift */,
				C4D24AD51E0170650037ECEB /* Main.storyboard */,
				C4D24AD81E0170650037ECEB /* Assets.xcassets */,
				C4D24ADA1E0170650037ECEB /* LaunchScreen.storyboard */,
				C4D24ADD1E0170650037ECEB /* Info.plist */,
			);
			path = carneAcme;
			sourceTree = "<group>";
		};
		C4D24AE51E0170650037ECEB /* carneAcmeTests */ = {
			isa = PBXGroup;
			children = (
				C4D24AE61E0170650037ECEB /* carneAcmeTests.swift */,
				C4D24AE81E0170650037ECEB /* Info.plist */,
			);
			path = carneAcmeTests;
			sourceTree = "<group>";
		};
		C4D24AF01E0170650037ECEB /* carneAcmeUITests */ = {
			isa = PBXGroup;
			children = (
				C4D24AF11E0170650037ECEB /* carneAcmeUITests.swift */,
				C4D24AF31E0170650037ECEB /* Info.plist */,
			);
			path = carneAcmeUITests;
			sourceTree = "<group>";
		};
		C4D24B051E0172930037ECEB /* Controllers */ = {
			isa = PBXGroup;
			children = (
				C4D24AFF1E01724B0037ECEB /* PresentationViewController.swift */,
				C4D24B011E0172690037ECEB /* ShopsViewController.swift */,
				C4D24B031E01727F0037ECEB /* TweetsViewController.swift */,
			);
			name = Controllers;
			sourceTree = "<group>";
		};
		CA707A045428ED1AB3D009DB /* Pods */ = {
			isa = PBXGroup;
			children = (
				395B8D3AFB6A6C96AA75CF18 /* Pods-carneAcme.debug.xcconfig */,
				7A895D1D5BB4E9FF40C92F92 /* Pods-carneAcme.release.xcconfig */,
			);
			name = Pods;
			sourceTree = "<group>";
		};
/* End PBXGroup section */

/* Begin PBXNativeTarget section */
		C4D24ACD1E0170650037ECEB /* carneAcme */ = {
			isa = PBXNativeTarget;
			buildConfigurationList = C4D24AF61E0170650037ECEB /* Build configuration list for PBXNativeTarget "carneAcme" */;
			buildPhases = (
				C9F5784C2A8EC5DFE52DD1F6 /* [CP] Check Pods Manifest.lock */,
				C4D24ACA1E0170650037ECEB /* Sources */,
				C4D24ACB1E0170650037ECEB /* Frameworks */,
				C4D24ACC1E0170650037ECEB /* Resources */,
				D358A3D4AE8DD456823FDBB1 /* [CP] Embed Pods Frameworks */,
				5191C3C8DEC3E64DC937668D /* [CP] Copy Pods Resources */,
				C40997D71E085F1D002830EA /* ShellScript */,
			);
			buildRules = (
			);
			dependencies = (
			);
			name = carneAcme;
			productName = carneAcme;
			productReference = C4D24ACE1E0170650037ECEB /* carneAcme.app */;
			productType = "com.apple.product-type.application";
		};
		C4D24AE11E0170650037ECEB /* carneAcmeTests */ = {
			isa = PBXNativeTarget;
			buildConfigurationList = C4D24AF91E0170650037ECEB /* Build configuration list for PBXNativeTarget "carneAcmeTests" */;
			buildPhases = (
				C4D24ADE1E0170650037ECEB /* Sources */,
				C4D24ADF1E0170650037ECEB /* Frameworks */,
				C4D24AE01E0170650037ECEB /* Resources */,
			);
			buildRules = (
			);
			dependencies = (
				C4D24AE41E0170650037ECEB /* PBXTargetDependency */,
			);
			name = carneAcmeTests;
			productName = carneAcmeTests;
			productReference = C4D24AE21E0170650037ECEB /* carneAcmeTests.xctest */;
			productType = "com.apple.product-type.bundle.unit-test";
		};
		C4D24AEC1E0170650037ECEB /* carneAcmeUITests */ = {
			isa = PBXNativeTarget;
			buildConfigurationList = C4D24AFC1E0170650037ECEB /* Build configuration list for PBXNativeTarget "carneAcmeUITests" */;
			buildPhases = (
				C4D24AE91E0170650037ECEB /* Sources */,
				C4D24AEA1E0170650037ECEB /* Frameworks */,
				C4D24AEB1E0170650037ECEB /* Resources */,
			);
			buildRules = (
			);
			dependencies = (
				C4D24AEF1E0170650037ECEB /* PBXTargetDependency */,
			);
			name = carneAcmeUITests;
			productName = carneAcmeUITests;
			productReference = C4D24AED1E0170650037ECEB /* carneAcmeUITests.xctest */;
			productType = "com.apple.product-type.bundle.ui-testing";
		};
/* End PBXNativeTarget section */

/* Begin PBXProject section */
		C4D24AC61E0170650037ECEB /* Project object */ = {
			isa = PBXProject;
			attributes = {
				LastSwiftUpdateCheck = 0810;
				LastUpgradeCheck = 0810;
				ORGANIZATIONNAME = "Álvaro Martín";
				TargetAttributes = {
					C4D24ACD1E0170650037ECEB = {
						CreatedOnToolsVersion = 8.1;
						DevelopmentTeam = 7PT7X3EV7C;
						ProvisioningStyle = Automatic;
					};
					C4D24AE11E0170650037ECEB = {
						CreatedOnToolsVersion = 8.1;
						ProvisioningStyle = Automatic;
						TestTargetID = C4D24ACD1E0170650037ECEB;
					};
					C4D24AEC1E0170650037ECEB = {
						CreatedOnToolsVersion = 8.1;
						ProvisioningStyle = Automatic;
						TestTargetID = C4D24ACD1E0170650037ECEB;
					};
				};
			};
			buildConfigurationList = C4D24AC91E0170650037ECEB /* Build configuration list for PBXProject "carneAcme" */;
			compatibilityVersion = "Xcode 3.2";
			developmentRegion = English;
			hasScannedForEncodings = 0;
			knownRegions = (
				en,
				Base,
			);
			mainGroup = C4D24AC51E0170650037ECEB;
			productRefGroup = C4D24ACF1E0170650037ECEB /* Products */;
			projectDirPath = "";
			projectRoot = "";
			targets = (
				C4D24ACD1E0170650037ECEB /* carneAcme */,
				C4D24AE11E0170650037ECEB /* carneAcmeTests */,
				C4D24AEC1E0170650037ECEB /* carneAcmeUITests */,
			);
		};
/* End PBXProject section */

/* Begin PBXResourcesBuildPhase section */
		C4D24ACC1E0170650037ECEB /* Resources */ = {
			isa = PBXResourcesBuildPhase;
			buildActionMask = 2147483647;
			files = (
				C4D24ADC1E0170650037ECEB /* LaunchScreen.storyboard in Resources */,
				C4D24AD91E0170650037ECEB /* Assets.xcassets in Resources */,
				C4D24AD71E0170650037ECEB /* Main.storyboard in Resources */,
			);
			runOnlyForDeploymentPostprocessing = 0;
		};
		C4D24AE01E0170650037ECEB /* Resources */ = {
			isa = PBXResourcesBuildPhase;
			buildActionMask = 2147483647;
			files = (
			);
			runOnlyForDeploymentPostprocessing = 0;
		};
		C4D24AEB1E0170650037ECEB /* Resources */ = {
			isa = PBXResourcesBuildPhase;
			buildActionMask = 2147483647;
			files = (
			);
			runOnlyForDeploymentPostprocessing = 0;
		};
/* End PBXResourcesBuildPhase section */

/* Begin PBXShellScriptBuildPhase section */
		5191C3C8DEC3E64DC937668D /* [CP] Copy Pods Resources */ = {
			isa = PBXShellScriptBuildPhase;
			buildActionMask = 2147483647;
			files = (
			);
			inputPaths = (
			);
			name = "[CP] Copy Pods Resources";
			outputPaths = (
			);
			runOnlyForDeploymentPostprocessing = 0;
			shellPath = /bin/sh;
			shellScript = "\"${SRCROOT}/Pods/Target Support Files/Pods-carneAcme/Pods-carneAcme-resources.sh\"\n";
			showEnvVarsInLog = 0;
		};
		C40997D71E085F1D002830EA /* ShellScript */ = {
			isa = PBXShellScriptBuildPhase;
			buildActionMask = 2147483647;
			files = (
			);
			inputPaths = (
			);
			outputPaths = (
			);
			runOnlyForDeploymentPostprocessing = 0;
			shellPath = /bin/sh;
			shellScript = "\"${PODS_ROOT}/Fabric/run\" 00428cae3f20bf3b6ee35a3265b446082d03a872 13907c7be6b37158021186534d18ef386b6430c682cc7a1688b79f67d4828728";
		};
		C9F5784C2A8EC5DFE52DD1F6 /* [CP] Check Pods Manifest.lock */ = {
			isa = PBXShellScriptBuildPhase;
			buildActionMask = 2147483647;
			files = (
			);
			inputPaths = (
			);
			name = "[CP] Check Pods Manifest.lock";
			outputPaths = (
			);
			runOnlyForDeploymentPostprocessing = 0;
			shellPath = /bin/sh;
			shellScript = "diff \"${PODS_ROOT}/../Podfile.lock\" \"${PODS_ROOT}/Manifest.lock\" > /dev/null\nif [ $? != 0 ] ; then\n    # print error to STDERR\n    echo \"error: The sandbox is not in sync with the Podfile.lock. Run 'pod install' or update your CocoaPods installation.\" >&2\n    exit 1\nfi\n";
			showEnvVarsInLog = 0;
		};
		D358A3D4AE8DD456823FDBB1 /* [CP] Embed Pods Frameworks */ = {
			isa = PBXShellScriptBuildPhase;
			buildActionMask = 2147483647;
			files = (
			);
			inputPaths = (
			);
			name = "[CP] Embed Pods Frameworks";
			outputPaths = (
			);
			runOnlyForDeploymentPostprocessing = 0;
			shellPath = /bin/sh;
			shellScript = "\"${SRCROOT}/Pods/Target Support Files/Pods-carneAcme/Pods-carneAcme-frameworks.sh\"\n";
			showEnvVarsInLog = 0;
		};
/* End PBXShellScriptBuildPhase section */

/* Begin PBXSourcesBuildPhase section */
		C4D24ACA1E0170650037ECEB /* Sources */ = {
			isa = PBXSourcesBuildPhase;
			buildActionMask = 2147483647;
			files = (
				C4D24B041E01727F0037ECEB /* TweetsViewController.swift in Sources */,
				C4B33A991E09A64500798397 /* GoogleDataProvider.swift in Sources */,
				C4B33A951E09A1D600798397 /* MeatMarker.swift in Sources */,
				C4B33A971E09A62500798397 /* GooglePlace.swift in Sources */,
				C4D24B021E0172690037ECEB /* ShopsViewController.swift in Sources */,
				C4D24B001E01724B0037ECEB /* PresentationViewController.swift in Sources */,
				C4D24AD21E0170650037ECEB /* AppDelegate.swift in Sources */,
			);
			runOnlyForDeploymentPostprocessing = 0;
		};
		C4D24ADE1E0170650037ECEB /* Sources */ = {
			isa = PBXSourcesBuildPhase;
			buildActionMask = 2147483647;
			files = (
				C4D24AE71E0170650037ECEB /* carneAcmeTests.swift in Sources */,
			);
			runOnlyForDeploymentPostprocessing = 0;
		};
		C4D24AE91E0170650037ECEB /* Sources */ = {
			isa = PBXSourcesBuildPhase;
			buildActionMask = 2147483647;
			files = (
				C4D24AF21E0170650037ECEB /* carneAcmeUITests.swift in Sources */,
			);
			runOnlyForDeploymentPostprocessing = 0;
		};
/* End PBXSourcesBuildPhase section */

/* Begin PBXTargetDependency section */
		C4D24AE41E0170650037ECEB /* PBXTargetDependency */ = {
			isa = PBXTargetDependency;
			target = C4D24ACD1E0170650037ECEB /* carneAcme */;
			targetProxy = C4D24AE31E0170650037ECEB /* PBXContainerItemProxy */;
		};
		C4D24AEF1E0170650037ECEB /* PBXTargetDependency */ = {
			isa = PBXTargetDependency;
			target = C4D24ACD1E0170650037ECEB /* carneAcme */;
			targetProxy = C4D24AEE1E0170650037ECEB /* PBXContainerItemProxy */;
		};
/* End PBXTargetDependency section */

/* Begin PBXVariantGroup section */
		C4D24AD51E0170650037ECEB /* Main.storyboard */ = {
			isa = PBXVariantGroup;
			children = (
				C4D24AD61E0170650037ECEB /* Base */,
			);
			name = Main.storyboard;
			sourceTree = "<group>";
		};
		C4D24ADA1E0170650037ECEB /* LaunchScreen.storyboard */ = {
			isa = PBXVariantGroup;
			children = (
				C4D24ADB1E0170650037ECEB /* Base */,
			);
			name = LaunchScreen.storyboard;
			sourceTree = "<group>";
		};
/* End PBXVariantGroup section */

/* Begin XCBuildConfiguration section */
		C4D24AF41E0170650037ECEB /* Debug */ = {
			isa = XCBuildConfiguration;
			buildSettings = {
				ALWAYS_SEARCH_USER_PATHS = NO;
				CLANG_ANALYZER_NONNULL = YES;
				CLANG_CXX_LANGUAGE_STANDARD = "gnu++0x";
				CLANG_CXX_LIBRARY = "libc++";
				CLANG_ENABLE_MODULES = YES;
				CLANG_ENABLE_OBJC_ARC = YES;
				CLANG_WARN_BOOL_CONVERSION = YES;
				CLANG_WARN_CONSTANT_CONVERSION = YES;
				CLANG_WARN_DIRECT_OBJC_ISA_USAGE = YES_ERROR;
				CLANG_WARN_DOCUMENTATION_COMMENTS = YES;
				CLANG_WARN_EMPTY_BODY = YES;
				CLANG_WARN_ENUM_CONVERSION = YES;
				CLANG_WARN_INFINITE_RECURSION = YES;
				CLANG_WARN_INT_CONVERSION = YES;
				CLANG_WARN_OBJC_ROOT_CLASS = YES_ERROR;
				CLANG_WARN_SUSPICIOUS_MOVES = YES;
				CLANG_WARN_UNREACHABLE_CODE = YES;
				CLANG_WARN__DUPLICATE_METHOD_MATCH = YES;
				"CODE_SIGN_IDENTITY[sdk=iphoneos*]" = "iPhone Developer";
				COPY_PHASE_STRIP = NO;
				DEBUG_INFORMATION_FORMAT = dwarf;
				ENABLE_STRICT_OBJC_MSGSEND = YES;
				ENABLE_TESTABILITY = YES;
				GCC_C_LANGUAGE_STANDARD = gnu99;
				GCC_DYNAMIC_NO_PIC = NO;
				GCC_NO_COMMON_BLOCKS = YES;
				GCC_OPTIMIZATION_LEVEL = 0;
				GCC_PREPROCESSOR_DEFINITIONS = (
					"DEBUG=1",
					"$(inherited)",
				);
				GCC_WARN_64_TO_32_BIT_CONVERSION = YES;
				GCC_WARN_ABOUT_RETURN_TYPE = YES_ERROR;
				GCC_WARN_UNDECLARED_SELECTOR = YES;
				GCC_WARN_UNINITIALIZED_AUTOS = YES_AGGRESSIVE;
				GCC_WARN_UNUSED_FUNCTION = YES;
				GCC_WARN_UNUSED_VARIABLE = YES;
				IPHONEOS_DEPLOYMENT_TARGET = 10.1;
				MTL_ENABLE_DEBUG_INFO = YES;
				ONLY_ACTIVE_ARCH = YES;
				SDKROOT = iphoneos;
				SWIFT_ACTIVE_COMPILATION_CONDITIONS = DEBUG;
				SWIFT_OPTIMIZATION_LEVEL = "-Onone";
				TARGETED_DEVICE_FAMILY = "1,2";
			};
			name = Debug;
		};
		C4D24AF51E0170650037ECEB /* Release */ = {
			isa = XCBuildConfiguration;
			buildSettings = {
				ALWAYS_SEARCH_USER_PATHS = NO;
				CLANG_ANALYZER_NONNULL = YES;
				CLANG_CXX_LANGUAGE_STANDARD = "gnu++0x";
				CLANG_CXX_LIBRARY = "libc++";
				CLANG_ENABLE_MODULES = YES;
				CLANG_ENABLE_OBJC_ARC = YES;
				CLANG_WARN_BOOL_CONVERSION = YES;
				CLANG_WARN_CONSTANT_CONVERSION = YES;
				CLANG_WARN_DIRECT_OBJC_ISA_USAGE = YES_ERROR;
				CLANG_WARN_DOCUMENTATION_COMMENTS = YES;
				CLANG_WARN_EMPTY_BODY = YES;
				CLANG_WARN_ENUM_CONVERSION = YES;
				CLANG_WARN_INFINITE_RECURSION = YES;
				CLANG_WARN_INT_CONVERSION = YES;
				CLANG_WARN_OBJC_ROOT_CLASS = YES_ERROR;
				CLANG_WARN_SUSPICIOUS_MOVES = YES;
				CLANG_WARN_UNREACHABLE_CODE = YES;
				CLANG_WARN__DUPLICATE_METHOD_MATCH = YES;
				"CODE_SIGN_IDENTITY[sdk=iphoneos*]" = "iPhone Developer";
				COPY_PHASE_STRIP = NO;
				DEBUG_INFORMATION_FORMAT = "dwarf-with-dsym";
				ENABLE_NS_ASSERTIONS = NO;
				ENABLE_STRICT_OBJC_MSGSEND = YES;
				GCC_C_LANGUAGE_STANDARD = gnu99;
				GCC_NO_COMMON_BLOCKS = YES;
				GCC_WARN_64_TO_32_BIT_CONVERSION = YES;
				GCC_WARN_ABOUT_RETURN_TYPE = YES_ERROR;
				GCC_WARN_UNDECLARED_SELECTOR = YES;
				GCC_WARN_UNINITIALIZED_AUTOS = YES_AGGRESSIVE;
				GCC_WARN_UNUSED_FUNCTION = YES;
				GCC_WARN_UNUSED_VARIABLE = YES;
				IPHONEOS_DEPLOYMENT_TARGET = 10.1;
				MTL_ENABLE_DEBUG_INFO = NO;
				SDKROOT = iphoneos;
				SWIFT_OPTIMIZATION_LEVEL = "-Owholemodule";
				TARGETED_DEVICE_FAMILY = "1,2";
				VALIDATE_PRODUCT = YES;
			};
			name = Release;
		};
		C4D24AF71E0170650037ECEB /* Debug */ = {
			isa = XCBuildConfiguration;
			baseConfigurationReference = 395B8D3AFB6A6C96AA75CF18 /* Pods-carneAcme.debug.xcconfig */;
			buildSettings = {
				ASSETCATALOG_COMPILER_APPICON_NAME = AppIcon;
				DEVELOPMENT_TEAM = 7PT7X3EV7C;
				HEADER_SEARCH_PATHS = "";
				INFOPLIST_FILE = carneAcme/Info.plist;
				LD_RUNPATH_SEARCH_PATHS = "$(inherited) @executable_path/Frameworks";
				PRODUCT_BUNDLE_IDENTIFIER = com.alvaroapunto.carneAcme;
				PRODUCT_NAME = "$(TARGET_NAME)";
				SWIFT_VERSION = 3.0;
			};
			name = Debug;
		};
		C4D24AF81E0170650037ECEB /* Release */ = {
			isa = XCBuildConfiguration;
			baseConfigurationReference = 7A895D1D5BB4E9FF40C92F92 /* Pods-carneAcme.release.xcconfig */;
			buildSettings = {
				ASSETCATALOG_COMPILER_APPICON_NAME = AppIcon;
				DEVELOPMENT_TEAM = 7PT7X3EV7C;
				HEADER_SEARCH_PATHS = "";
				INFOPLIST_FILE = carneAcme/Info.plist;
				LD_RUNPATH_SEARCH_PATHS = "$(inherited) @executable_path/Frameworks";
				PRODUCT_BUNDLE_IDENTIFIER = com.alvaroapunto.carneAcme;
				PRODUCT_NAME = "$(TARGET_NAME)";
				SWIFT_VERSION = 3.0;
			};
			name = Release;
		};
		C4D24AFA1E0170650037ECEB /* Debug */ = {
			isa = XCBuildConfiguration;
			buildSettings = {
				ALWAYS_EMBED_SWIFT_STANDARD_LIBRARIES = YES;
				BUNDLE_LOADER = "$(TEST_HOST)";
				INFOPLIST_FILE = carneAcmeTests/Info.plist;
				LD_RUNPATH_SEARCH_PATHS = "$(inherited) @executable_path/Frameworks @loader_path/Frameworks";
				PRODUCT_BUNDLE_IDENTIFIER = com.alvaroapunto.carneAcmeTests;
				PRODUCT_NAME = "$(TARGET_NAME)";
				SWIFT_VERSION = 3.0;
				TEST_HOST = "$(BUILT_PRODUCTS_DIR)/carneAcme.app/carneAcme";
			};
			name = Debug;
		};
		C4D24AFB1E0170650037ECEB /* Release */ = {
			isa = XCBuildConfiguration;
			buildSettings = {
				ALWAYS_EMBED_SWIFT_STANDARD_LIBRARIES = YES;
				BUNDLE_LOADER = "$(TEST_HOST)";
				INFOPLIST_FILE = carneAcmeTests/Info.plist;
				LD_RUNPATH_SEARCH_PATHS = "$(inherited) @executable_path/Frameworks @loader_path/Frameworks";
				PRODUCT_BUNDLE_IDENTIFIER = com.alvaroapunto.carneAcmeTests;
				PRODUCT_NAME = "$(TARGET_NAME)";
				SWIFT_VERSION = 3.0;
				TEST_HOST = "$(BUILT_PRODUCTS_DIR)/carneAcme.app/carneAcme";
			};
			name = Release;
		};
		C4D24AFD1E0170650037ECEB /* Debug */ = {
			isa = XCBuildConfiguration;
			buildSettings = {
				ALWAYS_EMBED_SWIFT_STANDARD_LIBRARIES = YES;
				INFOPLIST_FILE = carneAcmeUITests/Info.plist;
				LD_RUNPATH_SEARCH_PATHS = "$(inherited) @executable_path/Frameworks @loader_path/Frameworks";
				PRODUCT_BUNDLE_IDENTIFIER = com.alvaroapunto.carneAcmeUITests;
				PRODUCT_NAME = "$(TARGET_NAME)";
				SWIFT_VERSION = 3.0;
				TEST_TARGET_NAME = carneAcme;
			};
			name = Debug;
		};
		C4D24AFE1E0170650037ECEB /* Release */ = {
			isa = XCBuildConfiguration;
			buildSettings = {
				ALWAYS_EMBED_SWIFT_STANDARD_LIBRARIES = YES;
				INFOPLIST_FILE = carneAcmeUITests/Info.plist;
				LD_RUNPATH_SEARCH_PATHS = "$(inherited) @executable_path/Frameworks @loader_path/Frameworks";
				PRODUCT_BUNDLE_IDENTIFIER = com.alvaroapunto.carneAcmeUITests;
				PRODUCT_NAME = "$(TARGET_NAME)";
				SWIFT_VERSION = 3.0;
				TEST_TARGET_NAME = carneAcme;
			};
			name = Release;
		};
/* End XCBuildConfiguration section */

/* Begin XCConfigurationList section */
		C4D24AC91E0170650037ECEB /* Build configuration list for PBXProject "carneAcme" */ = {
			isa = XCConfigurationList;
			buildConfigurations = (
				C4D24AF41E0170650037ECEB /* Debug */,
				C4D24AF51E0170650037ECEB /* Release */,
			);
			defaultConfigurationIsVisible = 0;
			defaultConfigurationName = Release;
		};
		C4D24AF61E0170650037ECEB /* Build configuration list for PBXNativeTarget "carneAcme" */ = {
			isa = XCConfigurationList;
			buildConfigurations = (
				C4D24AF71E0170650037ECEB /* Debug */,
				C4D24AF81E0170650037ECEB /* Release */,
			);
			defaultConfigurationIsVisible = 0;
			defaultConfigurationName = Release;
		};
		C4D24AF91E0170650037ECEB /* Build configuration list for PBXNativeTarget "carneAcmeTests" */ = {
			isa = XCConfigurationList;
			buildConfigurations = (
				C4D24AFA1E0170650037ECEB /* Debug */,
				C4D24AFB1E0170650037ECEB /* Release */,
			);
			defaultConfigurationIsVisible = 0;
			defaultConfigurationName = Release;
		};
		C4D24AFC1E0170650037ECEB /* Build configuration list for PBXNativeTarget "carneAcmeUITests" */ = {
			isa = XCConfigurationList;
			buildConfigurations = (
				C4D24AFD1E0170650037ECEB /* Debug */,
				C4D24AFE1E0170650037ECEB /* Release */,
			);
			defaultConfigurationIsVisible = 0;
			defaultConfigurationName = Release;
		};
/* End XCConfigurationList section */
	};
	rootObject = C4D24AC61E0170650037ECEB /* Project object */;
}
